
Microsoft Visual Studio Solution File, Format Version 12.00
# Visual Studio 2012
Project("{8BC9CEB8-8B4A-11D0-8D11-00A0C91BC942}") = "ffmpeg_aac_encode", "ffmpeg_aac_encode\ffmpeg_aac_encode.vcxproj", "{2079DE64-EBAC-4C55-8F61-9F0D77E10093}"
EndProject
Global
	GlobalSection(SolutionConfigurationPlatforms) = preSolution
		Debug|Win32 = Debug|Win32
		Release|Win32 = Release|Win32
	EndGlobalSection
	GlobalSection(ProjectConfigurationPlatforms) = postSolution
		{2079DE64-EBAC-4C55-8F61-9F0D77E10093}.Debug|Win32.ActiveCfg = Debug|Win32
		{2079DE64-EBAC-4C55-8F61-9F0D77E10093}.Debug|Win32.Build.0 = Debug|Win32
		{2079DE64-EBAC-4C55-8F61-9F0D77E10093}.Release|Win32.ActiveCfg = Release|Win32
		{2079DE64-EBAC-4C55-8F61-9F0D77E10093}.Release|Win32.Build.0 = Release|Win32
	EndGlobalSection
	GlobalSection(SolutionProperties) = preSolution
		HideSolutionNode = FALSE
	EndGlobalSection
EndGlobal
